
Microsoft Visual Studio Solution File, Format Version 12.00
# Visual Studio Version 16
VisualStudioVersion = 16.0.32002.261
MinimumVisualStudioVersion = 10.0.40219.1
Project("{FAE04EC0-301F-11D3-BF4B-00C04F79EFBC}") = "Lesson-1-ADO", "Lesson-1-ADO\Lesson-1-ADO.csproj", "{DB26702A-6F1A-47E6-980B-76D1D19AAC2E}"
EndProject
Global
	GlobalSection(SolutionConfigurationPlatforms) = preSolution
		Debug|Any CPU = Debug|Any CPU
		Release|Any CPU = Release|Any CPU
	EndGlobalSection
	GlobalSection(ProjectConfigurationPlatforms) = postSolution
		{DB26702A-6F1A-47E6-980B-76D1D19AAC2E}.Debug|Any CPU.ActiveCfg = Debug|Any CPU
		{DB26702A-6F1A-47E6-980B-76D1D19AAC2E}.Debug|Any CPU.Build.0 = Debug|Any CPU
		{DB26702A-6F1A-47E6-980B-76D1D19AAC2E}.Release|Any CPU.ActiveCfg = Release|Any CPU
		{DB26702A-6F1A-47E6-980B-76D1D19AAC2E}.Release|Any CPU.Build.0 = Release|Any CPU
	EndGlobalSection
	GlobalSection(SolutionProperties) = preSolution
		HideSolutionNode = FALSE
	EndGlobalSection
	GlobalSection(ExtensibilityGlobals) = postSolution
		SolutionGuid = {70AB566C-D659-42FE-803D-89CCC4274BCD}
	EndGlobalSection
EndGlobal
